<?xml version="1.0" encoding="utf-8"?>
<Project ToolsVersion="4.0" xmlns="http://schemas.microsoft.com/developer/msbuild/2003">
  <ItemGroup>
    <Filter Include="源文件">
      <UniqueIdentifier>{4FC737F1-C7A5-4376-A066-2A32D752A2FF}</UniqueIdentifier>
      <Extensions>cpp;c;cc;cxx;def;odl;idl;hpj;bat;asm;asmx</Extensions>
    </Filter>
    <Filter Include="头文件">
      <UniqueIdentifier>{93995380-89BD-4b04-88EB-625FBE52EBFB}</UniqueIdentifier>
      <Extensions>h;hh;hpp;hxx;hm;inl;inc;xsd</Extensions>
    </Filter>
    <Filter Include="资源文件">
      <UniqueIdentifier>{67DA6AB6-F800-4c08-8B7A-83BB121AAD01}</UniqueIdentifier>
      <Extensions>rc;ico;cur;bmp;dlg;rc2;rct;bin;rgs;gif;jpg;jpeg;jpe;resx;tiff;tif;png;wav;mfcribbon-ms</Extensions>
    </Filter>
    <Filter Include="Main">
      <UniqueIdentifier>{ae0c02e8-4844-4246-8031-de99fe34fe40}</UniqueIdentifier>
    </Filter>
    <Filter Include="Dx11">
      <UniqueIdentifier>{78a73a48-8112-4701-9c0f-dda628b8ffda}</UniqueIdentifier>
    </Filter>
    <Filter Include="Vireio">
      <UniqueIdentifier>{beb833c9-bb8b-415d-be84-0ee27416a5ec}</UniqueIdentifier>
    </Filter>
  </ItemGroup>
  <ItemGroup>
    <ClCompile Include="Main.cpp">
      <Filter>Main</Filter>
    </ClCompile>
    <ClCompile Include="BaseDXGIFactory.cpp">
      <Filter>Dx11</Filter>
    </ClCompile>
    <ClCompile Include="BaseDXGISwapChain.cpp">
      <Filter>Dx11</Filter>
    </ClCompile>
    <ClCompile Include="VireioDXGIFactory.cpp">
      <Filter>Vireio</Filter>
    </ClCompile>
  </ItemGroup>
  <ItemGroup>
    <ClInclude Include="BaseDXGIFactory.h">
      <Filter>Dx11</Filter>
    </ClInclude>
    <ClInclude Include="BaseDXGISwapChain.h">
      <Filter>Dx11</Filter>
    </ClInclude>
    <ClInclude Include="VireioDXGIFactory.h">
      <Filter>Vireio</Filter>
    </ClInclude>
  </ItemGroup>
  <ItemGroup>
    <None Include="Exports.def">
      <Filter>Main</Filter>
    </None>
  </ItemGroup>
</Project>